
Microsoft Visual Studio Solution File, Format Version 12.00
# Visual Studio Version 16
VisualStudioVersion = 16.0.29424.173
MinimumVisualStudioVersion = 10.0.40219.1
Project("{2150E333-8FDC-42A3-9474-1A3956D46DE8}") = "0 - Apresentação", "0 - Apresentação", "{AC0CF372-BE62-49DE-ACDC-E009E15B0ACF}"
EndProject
Project("{2150E333-8FDC-42A3-9474-1A3956D46DE8}") = "1 - Serviço", "1 - Serviço", "{2D8998CD-7E90-48F8-A104-A95C87836321}"
EndProject
Project("{FAE04EC0-301F-11D3-BF4B-00C04F79EFBC}") = "WesleyTesteGol.MinhaApi", "WesleyTesteGol.MinhaApi\WesleyTesteGol.MinhaApi.csproj", "{B5CC61D7-B4B1-42DD-A4CA-F6F7F082256C}"
EndProject
Project("{2150E333-8FDC-42A3-9474-1A3956D46DE8}") = "2 - Negócio", "2 - Negócio", "{F9C24723-E811-4461-8402-97983A95F784}"
EndProject
Project("{2150E333-8FDC-42A3-9474-1A3956D46DE8}") = "3 - Dados", "3 - Dados", "{5B289C7F-C130-4928-A9D5-BE3DE57C9537}"
EndProject
Project("{2150E333-8FDC-42A3-9474-1A3956D46DE8}") = "4 - Comum", "4 - Comum", "{01C63D5C-5584-4429-BBA2-AD4A802F5A75}"
EndProject
Project("{FAE04EC0-301F-11D3-BF4B-00C04F79EFBC}") = "WesleyTesteGol.Comum", "WesleyTesteGol.Comum\WesleyTesteGol.Comum.csproj", "{34811B07-1CE1-4F73-86E9-63FB3E108E86}"
EndProject
Project("{FAE04EC0-301F-11D3-BF4B-00C04F79EFBC}") = "WesleyTesteGol.Dados", "WesleyTesteGol.Dados\WesleyTesteGol.Dados.csproj", "{9B7048D5-A2A4-4068-8148-E0781D4E9C1A}"
EndProject
Project("{FAE04EC0-301F-11D3-BF4B-00C04F79EFBC}") = "WesleyTesteGol.Negocio", "WesleyTesteGol.Negocio\WesleyTesteGol.Negocio.csproj", "{D6705954-C298-4EED-B5EB-CFCCDD141256}"
EndProject
Project("{2150E333-8FDC-42A3-9474-1A3956D46DE8}") = "5 - Teste", "5 - Teste", "{520BF352-C98B-40DA-96DE-0E0285F44C57}"
EndProject
Project("{FAE04EC0-301F-11D3-BF4B-00C04F79EFBC}") = "WesleyTesteGol.Teste", "WesleyTesteGol.Teste\WesleyTesteGol.Teste.csproj", "{BF67B305-A131-448E-8B96-580CA9439E24}"
EndProject
Project("{FAE04EC0-301F-11D3-BF4B-00C04F79EFBC}") = "WesleyTesteGol.MinhaWeb", "WesleyTesteGol.MinhaWeb\WesleyTesteGol.MinhaWeb.csproj", "{0A19CBFD-D8CC-488C-B223-B84457BF5947}"
EndProject
Global
	GlobalSection(SolutionConfigurationPlatforms) = preSolution
		Debug|Any CPU = Debug|Any CPU
		Release|Any CPU = Release|Any CPU
	EndGlobalSection
	GlobalSection(ProjectConfigurationPlatforms) = postSolution
		{B5CC61D7-B4B1-42DD-A4CA-F6F7F082256C}.Debug|Any CPU.ActiveCfg = Debug|Any CPU
		{B5CC61D7-B4B1-42DD-A4CA-F6F7F082256C}.Debug|Any CPU.Build.0 = Debug|Any CPU
		{B5CC61D7-B4B1-42DD-A4CA-F6F7F082256C}.Release|Any CPU.ActiveCfg = Release|Any CPU
		{B5CC61D7-B4B1-42DD-A4CA-F6F7F082256C}.Release|Any CPU.Build.0 = Release|Any CPU
		{34811B07-1CE1-4F73-86E9-63FB3E108E86}.Debug|Any CPU.ActiveCfg = Debug|Any CPU
		{34811B07-1CE1-4F73-86E9-63FB3E108E86}.Debug|Any CPU.Build.0 = Debug|Any CPU
		{34811B07-1CE1-4F73-86E9-63FB3E108E86}.Release|Any CPU.ActiveCfg = Release|Any CPU
		{34811B07-1CE1-4F73-86E9-63FB3E108E86}.Release|Any CPU.Build.0 = Release|Any CPU
		{9B7048D5-A2A4-4068-8148-E0781D4E9C1A}.Debug|Any CPU.ActiveCfg = Debug|Any CPU
		{9B7048D5-A2A4-4068-8148-E0781D4E9C1A}.Debug|Any CPU.Build.0 = Debug|Any CPU
		{9B7048D5-A2A4-4068-8148-E0781D4E9C1A}.Release|Any CPU.ActiveCfg = Release|Any CPU
		{9B7048D5-A2A4-4068-8148-E0781D4E9C1A}.Release|Any CPU.Build.0 = Release|Any CPU
		{D6705954-C298-4EED-B5EB-CFCCDD141256}.Debug|Any CPU.ActiveCfg = Debug|Any CPU
		{D6705954-C298-4EED-B5EB-CFCCDD141256}.Debug|Any CPU.Build.0 = Debug|Any CPU
		{D6705954-C298-4EED-B5EB-CFCCDD141256}.Release|Any CPU.ActiveCfg = Release|Any CPU
		{D6705954-C298-4EED-B5EB-CFCCDD141256}.Release|Any CPU.Build.0 = Release|Any CPU
		{BF67B305-A131-448E-8B96-580CA9439E24}.Debug|Any CPU.ActiveCfg = Debug|Any CPU
		{BF67B305-A131-448E-8B96-580CA9439E24}.Debug|Any CPU.Build.0 = Debug|Any CPU
		{BF67B305-A131-448E-8B96-580CA9439E24}.Release|Any CPU.ActiveCfg = Release|Any CPU
		{BF67B305-A131-448E-8B96-580CA9439E24}.Release|Any CPU.Build.0 = Release|Any CPU
		{0A19CBFD-D8CC-488C-B223-B84457BF5947}.Debug|Any CPU.ActiveCfg = Debug|Any CPU
		{0A19CBFD-D8CC-488C-B223-B84457BF5947}.Debug|Any CPU.Build.0 = Debug|Any CPU
		{0A19CBFD-D8CC-488C-B223-B84457BF5947}.Release|Any CPU.ActiveCfg = Release|Any CPU
		{0A19CBFD-D8CC-488C-B223-B84457BF5947}.Release|Any CPU.Build.0 = Release|Any CPU
	EndGlobalSection
	GlobalSection(SolutionProperties) = preSolution
		HideSolutionNode = FALSE
	EndGlobalSection
	GlobalSection(NestedProjects) = preSolution
		{B5CC61D7-B4B1-42DD-A4CA-F6F7F082256C} = {2D8998CD-7E90-48F8-A104-A95C87836321}
		{34811B07-1CE1-4F73-86E9-63FB3E108E86} = {01C63D5C-5584-4429-BBA2-AD4A802F5A75}
		{9B7048D5-A2A4-4068-8148-E0781D4E9C1A} = {5B289C7F-C130-4928-A9D5-BE3DE57C9537}
		{D6705954-C298-4EED-B5EB-CFCCDD141256} = {F9C24723-E811-4461-8402-97983A95F784}
		{BF67B305-A131-448E-8B96-580CA9439E24} = {520BF352-C98B-40DA-96DE-0E0285F44C57}
		{0A19CBFD-D8CC-488C-B223-B84457BF5947} = {AC0CF372-BE62-49DE-ACDC-E009E15B0ACF}
	EndGlobalSection
	GlobalSection(ExtensibilityGlobals) = postSolution
		SolutionGuid = {6BD230B8-B6EB-4B9C-81F2-9EF6B9BD860A}
	EndGlobalSection
EndGlobal
